
Microsoft Visual Studio Solution File, Format Version 12.00
# Visual Studio 15
VisualStudioVersion = 15.0.35026.233
MinimumVisualStudioVersion = 10.0.40219.1
Project("{FAE04EC0-301F-11D3-BF4B-00C04F79EFBC}") = "PresentacionCliente", "CarritowebG2\PresentacionCliente.csproj", "{61B7D61E-FC37-40E4-881D-1D877F4303F9}"
EndProject
Project("{FAE04EC0-301F-11D3-BF4B-00C04F79EFBC}") = "PresentacionAdmin", "PresentacionAdmin\PresentacionAdmin.csproj", "{40DF3661-011A-45EA-8B64-2F094AB8723E}"
EndProject
Project("{FAE04EC0-301F-11D3-BF4B-00C04F79EFBC}") = "ClaseDeDatos", "ClaseDeDatos\ClaseDeDatos.csproj", "{D17DB2D9-0251-405A-9EF7-E7EDDA88069E}"
EndProject
Project("{FAE04EC0-301F-11D3-BF4B-00C04F79EFBC}") = "ClaseEntidades", "ClaseEntidades\ClaseEntidades.csproj", "{E50353F5-B735-4888-A8CB-C0893BE62DA7}"
EndProject
Project("{FAE04EC0-301F-11D3-BF4B-00C04F79EFBC}") = "ClaseBDNegocio", "ClaseBDNegocio\ClaseBDNegocio.csproj", "{ABD41BB4-03AA-4B84-AAA7-C89B3CAD2738}"
EndProject
Global
	GlobalSection(SolutionConfigurationPlatforms) = preSolution
		Debug|Any CPU = Debug|Any CPU
		Release|Any CPU = Release|Any CPU
	EndGlobalSection
	GlobalSection(ProjectConfigurationPlatforms) = postSolution
		{61B7D61E-FC37-40E4-881D-1D877F4303F9}.Debug|Any CPU.ActiveCfg = Debug|Any CPU
		{61B7D61E-FC37-40E4-881D-1D877F4303F9}.Debug|Any CPU.Build.0 = Debug|Any CPU
		{61B7D61E-FC37-40E4-881D-1D877F4303F9}.Release|Any CPU.ActiveCfg = Release|Any CPU
		{61B7D61E-FC37-40E4-881D-1D877F4303F9}.Release|Any CPU.Build.0 = Release|Any CPU
		{40DF3661-011A-45EA-8B64-2F094AB8723E}.Debug|Any CPU.ActiveCfg = Debug|Any CPU
		{40DF3661-011A-45EA-8B64-2F094AB8723E}.Debug|Any CPU.Build.0 = Debug|Any CPU
		{40DF3661-011A-45EA-8B64-2F094AB8723E}.Release|Any CPU.ActiveCfg = Release|Any CPU
		{40DF3661-011A-45EA-8B64-2F094AB8723E}.Release|Any CPU.Build.0 = Release|Any CPU
		{D17DB2D9-0251-405A-9EF7-E7EDDA88069E}.Debug|Any CPU.ActiveCfg = Debug|Any CPU
		{D17DB2D9-0251-405A-9EF7-E7EDDA88069E}.Debug|Any CPU.Build.0 = Debug|Any CPU
		{D17DB2D9-0251-405A-9EF7-E7EDDA88069E}.Release|Any CPU.ActiveCfg = Release|Any CPU
		{D17DB2D9-0251-405A-9EF7-E7EDDA88069E}.Release|Any CPU.Build.0 = Release|Any CPU
		{E50353F5-B735-4888-A8CB-C0893BE62DA7}.Debug|Any CPU.ActiveCfg = Debug|Any CPU
		{E50353F5-B735-4888-A8CB-C0893BE62DA7}.Debug|Any CPU.Build.0 = Debug|Any CPU
		{E50353F5-B735-4888-A8CB-C0893BE62DA7}.Release|Any CPU.ActiveCfg = Release|Any CPU
		{E50353F5-B735-4888-A8CB-C0893BE62DA7}.Release|Any CPU.Build.0 = Release|Any CPU
		{ABD41BB4-03AA-4B84-AAA7-C89B3CAD2738}.Debug|Any CPU.ActiveCfg = Debug|Any CPU
		{ABD41BB4-03AA-4B84-AAA7-C89B3CAD2738}.Debug|Any CPU.Build.0 = Debug|Any CPU
		{ABD41BB4-03AA-4B84-AAA7-C89B3CAD2738}.Release|Any CPU.ActiveCfg = Release|Any CPU
		{ABD41BB4-03AA-4B84-AAA7-C89B3CAD2738}.Release|Any CPU.Build.0 = Release|Any CPU
	EndGlobalSection
	GlobalSection(SolutionProperties) = preSolution
		HideSolutionNode = FALSE
	EndGlobalSection
	GlobalSection(ExtensibilityGlobals) = postSolution
		SolutionGuid = {9CB518FC-1E9B-4CBB-8709-E4FD9AC5AA5A}
	EndGlobalSection
EndGlobal
